
Microsoft Visual Studio Solution File, Format Version 12.00
# Visual Studio Version 17
VisualStudioVersion = 17.13.35818.85
MinimumVisualStudioVersion = 10.0.40219.1
Project("{FAE04EC0-301F-11D3-BF4B-00C04F79EFBC}") = "KühlschrankAbrechnung", "KühlschrankAbrechnung\KühlschrankAbrechnung.csproj", "{E62FA758-121E-44DF-A332-15509EDF956F}"
EndProject
Project("{FAE04EC0-301F-11D3-BF4B-00C04F79EFBC}") = "ManagementWeb", "ManagementWeb\ManagementWeb.csproj", "{83B81E14-7459-4E1E-A6E3-F032A8A40E24}"
EndProject
Project("{FAE04EC0-301F-11D3-BF4B-00C04F79EFBC}") = "Shared", "Shared\Shared.csproj", "{BEB3F522-0FC9-4D54-8B33-F568FBA2640A}"
EndProject
Global
	GlobalSection(SolutionConfigurationPlatforms) = preSolution
		Debug|Any CPU = Debug|Any CPU
		Release|Any CPU = Release|Any CPU
	EndGlobalSection
	GlobalSection(ProjectConfigurationPlatforms) = postSolution
		{E62FA758-121E-44DF-A332-15509EDF956F}.Debug|Any CPU.ActiveCfg = Debug|Any CPU
		{E62FA758-121E-44DF-A332-15509EDF956F}.Debug|Any CPU.Build.0 = Debug|Any CPU
		{E62FA758-121E-44DF-A332-15509EDF956F}.Release|Any CPU.ActiveCfg = Release|Any CPU
		{E62FA758-121E-44DF-A332-15509EDF956F}.Release|Any CPU.Build.0 = Release|Any CPU
		{83B81E14-7459-4E1E-A6E3-F032A8A40E24}.Debug|Any CPU.ActiveCfg = Debug|Any CPU
		{83B81E14-7459-4E1E-A6E3-F032A8A40E24}.Debug|Any CPU.Build.0 = Debug|Any CPU
		{83B81E14-7459-4E1E-A6E3-F032A8A40E24}.Release|Any CPU.ActiveCfg = Release|Any CPU
		{83B81E14-7459-4E1E-A6E3-F032A8A40E24}.Release|Any CPU.Build.0 = Release|Any CPU
		{BEB3F522-0FC9-4D54-8B33-F568FBA2640A}.Debug|Any CPU.ActiveCfg = Debug|Any CPU
		{BEB3F522-0FC9-4D54-8B33-F568FBA2640A}.Debug|Any CPU.Build.0 = Debug|Any CPU
		{BEB3F522-0FC9-4D54-8B33-F568FBA2640A}.Release|Any CPU.ActiveCfg = Release|Any CPU
		{BEB3F522-0FC9-4D54-8B33-F568FBA2640A}.Release|Any CPU.Build.0 = Release|Any CPU
	EndGlobalSection
	GlobalSection(SolutionProperties) = preSolution
		HideSolutionNode = FALSE
	EndGlobalSection
	GlobalSection(ExtensibilityGlobals) = postSolution
		SolutionGuid = {4BBE52A1-387F-48CF-B9A8-B136FAB8AB9E}
	EndGlobalSection
EndGlobal
